{
  "nodes": {
    "nixpkgs": {
      "locked": {
        "lastModified": 1614097395,
        "narHash": "sha256-zdbQvvCXmSEG9+OxtwL8IiS81tfKShZdPM7TZ0uKDrg=",
        "owner": "NixOS",
        "repo": "nixpkgs",
        "rev": "74b34f4a1705763fff52febb9648ac6dc6d9e953",
        "type": "github"
      },
      "original": {
        "id": "nixpkgs",
        "type": "indirect"
      }
    },
    "root": {
      "inputs": {
        "nixpkgs": "nixpkgs"
      }
    }
  },
  "root": "root",
  "version": 7
}
