{
  "nodes": {
    "nixpkgs": {
      "locked": {
        "lastModified": 1614032878,
        "narHash": "sha256-c0O68gR5bX/D++9oM250oRNBNeNtL5l+j7/NdoINX/s=",
        "owner": "NixOS",
        "repo": "nixpkgs",
        "rev": "7b9655158eb91c8fdd0d9f97a6a8ee812f2b1ead",
        "type": "github"
      },
      "original": {
        "owner": "NixOS",
        "ref": "master",
        "repo": "nixpkgs",
        "type": "github"
      }
    },
    "root": {
      "inputs": {
        "nixpkgs": "nixpkgs"
      }
    }
  },
  "root": "root",
  "version": 7
}
